
Microsoft Visual Studio Solution File, Format Version 12.00
# Visual Studio 15
VisualStudioVersion = 15.0.26228.4
MinimumVisualStudioVersion = 10.0.40219.1
Project("{FAE04EC0-301F-11D3-BF4B-00C04F79EFBC}") = "projectAqeeel", "projectAqeeel\projectAqeeel.csproj", "{51CB6097-F564-4DD6-B170-DF179A557BAB}"
EndProject
Global
	GlobalSection(SolutionConfigurationPlatforms) = preSolution
		Debug|Any CPU = Debug|Any CPU
		Release|Any CPU = Release|Any CPU
	EndGlobalSection
	GlobalSection(ProjectConfigurationPlatforms) = postSolution
		{51CB6097-F564-4DD6-B170-DF179A557BAB}.Debug|Any CPU.ActiveCfg = Debug|Any CPU
		{51CB6097-F564-4DD6-B170-DF179A557BAB}.Debug|Any CPU.Build.0 = Debug|Any CPU
		{51CB6097-F564-4DD6-B170-DF179A557BAB}.Release|Any CPU.ActiveCfg = Release|Any CPU
		{51CB6097-F564-4DD6-B170-DF179A557BAB}.Release|Any CPU.Build.0 = Release|Any CPU
	EndGlobalSection
	GlobalSection(SolutionProperties) = preSolution
		HideSolutionNode = FALSE
	EndGlobalSection
EndGlobal
